
Microsoft Visual Studio Solution File, Format Version 12.00
# Visual Studio Version 17
VisualStudioVersion = 17.9.34622.214
MinimumVisualStudioVersion = 10.0.40219.1
Project("{8BC9CEB8-8B4A-11D0-8D11-00A0C91BC942}") = "Ciclos While", "Ciclos While\Ciclos While.vcxproj", "{A5181825-F787-4B83-98A7-E2B950DC389F}"
EndProject
Global
	GlobalSection(SolutionConfigurationPlatforms) = preSolution
		Debug|x64 = Debug|x64
		Debug|x86 = Debug|x86
		Release|x64 = Release|x64
		Release|x86 = Release|x86
	EndGlobalSection
	GlobalSection(ProjectConfigurationPlatforms) = postSolution
		{A5181825-F787-4B83-98A7-E2B950DC389F}.Debug|x64.ActiveCfg = Debug|x64
		{A5181825-F787-4B83-98A7-E2B950DC389F}.Debug|x64.Build.0 = Debug|x64
		{A5181825-F787-4B83-98A7-E2B950DC389F}.Debug|x86.ActiveCfg = Debug|Win32
		{A5181825-F787-4B83-98A7-E2B950DC389F}.Debug|x86.Build.0 = Debug|Win32
		{A5181825-F787-4B83-98A7-E2B950DC389F}.Release|x64.ActiveCfg = Release|x64
		{A5181825-F787-4B83-98A7-E2B950DC389F}.Release|x64.Build.0 = Release|x64
		{A5181825-F787-4B83-98A7-E2B950DC389F}.Release|x86.ActiveCfg = Release|Win32
		{A5181825-F787-4B83-98A7-E2B950DC389F}.Release|x86.Build.0 = Release|Win32
	EndGlobalSection
	GlobalSection(SolutionProperties) = preSolution
		HideSolutionNode = FALSE
	EndGlobalSection
	GlobalSection(ExtensibilityGlobals) = postSolution
		SolutionGuid = {1D256287-FDCA-4B28-AB70-569E5ADCB87C}
	EndGlobalSection
EndGlobal
